
Microsoft Visual Studio Solution File, Format Version 12.00
# Visual Studio Version 17
VisualStudioVersion = 17.3.32922.545
MinimumVisualStudioVersion = 10.0.40219.1
Project("{FAE04EC0-301F-11D3-BF4B-00C04F79EFBC}") = "UnitOfWorkSample.Dal", "UnitOfWorkSample.Dal\UnitOfWorkSample.Dal.csproj", "{B2CE098D-1EE8-4F1D-B9A9-104C5711C957}"
EndProject
Project("{FAE04EC0-301F-11D3-BF4B-00C04F79EFBC}") = "UnitOfworkSample.UI", "UnitOfworkSample.UI\UnitOfworkSample.UI.csproj", "{38A1319E-F337-40A7-801B-F1557E17ACCC}"
EndProject
Global
	GlobalSection(SolutionConfigurationPlatforms) = preSolution
		Debug|Any CPU = Debug|Any CPU
		Release|Any CPU = Release|Any CPU
	EndGlobalSection
	GlobalSection(ProjectConfigurationPlatforms) = postSolution
		{B2CE098D-1EE8-4F1D-B9A9-104C5711C957}.Debug|Any CPU.ActiveCfg = Debug|Any CPU
		{B2CE098D-1EE8-4F1D-B9A9-104C5711C957}.Debug|Any CPU.Build.0 = Debug|Any CPU
		{B2CE098D-1EE8-4F1D-B9A9-104C5711C957}.Release|Any CPU.ActiveCfg = Release|Any CPU
		{B2CE098D-1EE8-4F1D-B9A9-104C5711C957}.Release|Any CPU.Build.0 = Release|Any CPU
		{38A1319E-F337-40A7-801B-F1557E17ACCC}.Debug|Any CPU.ActiveCfg = Debug|Any CPU
		{38A1319E-F337-40A7-801B-F1557E17ACCC}.Debug|Any CPU.Build.0 = Debug|Any CPU
		{38A1319E-F337-40A7-801B-F1557E17ACCC}.Release|Any CPU.ActiveCfg = Release|Any CPU
		{38A1319E-F337-40A7-801B-F1557E17ACCC}.Release|Any CPU.Build.0 = Release|Any CPU
	EndGlobalSection
	GlobalSection(SolutionProperties) = preSolution
		HideSolutionNode = FALSE
	EndGlobalSection
	GlobalSection(ExtensibilityGlobals) = postSolution
		SolutionGuid = {949A7561-002E-4425-8C32-B30B9267C37A}
	EndGlobalSection
EndGlobal
